
Microsoft Visual Studio Solution File, Format Version 12.00
# Visual Studio 2015
Project("{FAE04EC0-301F-11D3-BF4B-00C04F79EFBC}") = "Compsci stuff with comments 227.CSharp", "Compsci stuff with comments 227.CSharp.csproj", "{B865BABB-2AC7-416D-CB2F-A72E6FD3FD0F}"
EndProject
Global
	GlobalSection(SolutionConfigurationPlatforms) = preSolution
		Debug|Any CPU = Debug|Any CPU
		Release|Any CPU = Release|Any CPU
	EndGlobalSection
	GlobalSection(ProjectConfigurationPlatforms) = postSolution
		{B865BABB-2AC7-416D-CB2F-A72E6FD3FD0F}.Debug|Any CPU.ActiveCfg = Debug|Any CPU
		{B865BABB-2AC7-416D-CB2F-A72E6FD3FD0F}.Debug|Any CPU.Build.0 = Debug|Any CPU
		{B865BABB-2AC7-416D-CB2F-A72E6FD3FD0F}.Release|Any CPU.ActiveCfg = Release|Any CPU
		{B865BABB-2AC7-416D-CB2F-A72E6FD3FD0F}.Release|Any CPU.Build.0 = Release|Any CPU
	EndGlobalSection
	GlobalSection(SolutionProperties) = preSolution
		HideSolutionNode = FALSE
	EndGlobalSection
EndGlobal
